{
  "object": {
    "pins": [
      {
        "package": "Segment",
        "repositoryURL": "https://github.com/segmentio/analytics-swift.git",
        "state": {
          "branch": null,
          "revision": "8ae3136bffaa139a690e7841bf63143605041540",
          "version": "1.3.0"
        }
      },
      {
        "package": "Appcues",
        "repositoryURL": "https://github.com/appcues/appcues-ios-sdk.git",
        "state": {
          "branch": null,
          "revision": "f70c0b108b33e4b0caf8706ceca2eeafe8d3200d",
          "version": "1.0.0-beta.3"
        }
      },
      {
        "package": "Sovran",
        "repositoryURL": "https://github.com/segmentio/Sovran-Swift.git",
        "state": {
          "branch": null,
          "revision": "944c17d7c46bd95fc37f09136cabd172be5b413b",
          "version": "1.0.3"
        }
      }
    ]
  },
  "version": 1
}
