{
  "object": {
    "pins": [
      {
        "package": "Segment",
        "repositoryURL": "https://github.com/segmentio/analytics-swift",
        "state": {
          "branch": null,
          "revision": "15214bf65a01522af3df46d6b77d9c403afa4d66",
          "version": "1.0.5"
        }
      },
      {
        "package": "Appcues",
        "repositoryURL": "https://github.com/appcues/appcues-ios-sdk.git",
        "state": {
          "branch": "main",
          "revision": "ea9b1c368271eb15805b2352459f4fb6389f98d7",
          "version": null
        }
      },
      {
        "package": "Sovran",
        "repositoryURL": "https://github.com/segmentio/Sovran-Swift.git",
        "state": {
          "branch": null,
          "revision": "944c17d7c46bd95fc37f09136cabd172be5b413b",
          "version": "1.0.3"
        }
      }
    ]
  },
  "version": 1
}
