{
  "object": {
    "pins": [
      {
        "package": "Segment",
        "repositoryURL": "https://github.com/segmentio/analytics-swift",
        "state": {
          "branch": null,
          "revision": "825bac9da99ca02bacf85bdf95f707d8e9f786d1",
          "version": "1.6.2"
        }
      },
      {
        "package": "Appcues",
        "repositoryURL": "https://github.com/appcues/appcues-ios-sdk.git",
        "state": {
          "branch": null,
          "revision": "ae53fa37e66ca44e5777542a5783749db753fc04",
          "version": "4.3.0"
        }
      },
      {
        "package": "JSONSafeEncoding",
        "repositoryURL": "https://github.com/segmentio/jsonsafeencoding-swift.git",
        "state": {
          "branch": null,
          "revision": "af6a8b360984085e36c6341b21ecb35c12f47ebd",
          "version": "2.0.0"
        }
      },
      {
        "package": "Sovran",
        "repositoryURL": "https://github.com/segmentio/Sovran-Swift.git",
        "state": {
          "branch": null,
          "revision": "24867f3e4ac62027db9827112135e6531b6f4051",
          "version": "1.1.2"
        }
      }
    ]
  },
  "version": 1
}
